
Microsoft Visual Studio Solution File, Format Version 12.00
# Visual Studio Version 16
VisualStudioVersion = 16.0.30621.155
MinimumVisualStudioVersion = 10.0.40219.1
Project("{FAE04EC0-301F-11D3-BF4B-00C04F79EFBC}") = "Survivor of the Bulge", "Survivor of the Bulge.csproj", "{384BCA99-B9B3-42D1-B26A-D10D7C37C666}"
EndProject
Global
	GlobalSection(SolutionConfigurationPlatforms) = preSolution
		Debug|Any CPU = Debug|Any CPU
		Release|Any CPU = Release|Any CPU
	EndGlobalSection
	GlobalSection(ProjectConfigurationPlatforms) = postSolution
		{384BCA99-B9B3-42D1-B26A-D10D7C37C666}.Debug|Any CPU.ActiveCfg = Debug|Any CPU
		{384BCA99-B9B3-42D1-B26A-D10D7C37C666}.Debug|Any CPU.Build.0 = Debug|Any CPU
		{384BCA99-B9B3-42D1-B26A-D10D7C37C666}.Release|Any CPU.ActiveCfg = Release|Any CPU
		{384BCA99-B9B3-42D1-B26A-D10D7C37C666}.Release|Any CPU.Build.0 = Release|Any CPU
	EndGlobalSection
	GlobalSection(SolutionProperties) = preSolution
		HideSolutionNode = FALSE
	EndGlobalSection
	GlobalSection(ExtensibilityGlobals) = postSolution
		SolutionGuid = {E94DBB11-AD26-4FAD-9C26-D394658B6780}
	EndGlobalSection
EndGlobal
